
Microsoft Visual Studio Solution File, Format Version 12.00
# Visual Studio 2012
Project("{FAE04EC0-301F-11D3-BF4B-00C04F79EFBC}") = "CS280s2_A2_Part2", "CS280s2_A2_Part2\CS280s2_A2_Part2.csproj", "{75907D63-BD99-4BAB-989F-C48A6C0E917D}"
EndProject
Global
	GlobalSection(SolutionConfigurationPlatforms) = preSolution
		Debug|Any CPU = Debug|Any CPU
		Release|Any CPU = Release|Any CPU
	EndGlobalSection
	GlobalSection(ProjectConfigurationPlatforms) = postSolution
		{75907D63-BD99-4BAB-989F-C48A6C0E917D}.Debug|Any CPU.ActiveCfg = Debug|Any CPU
		{75907D63-BD99-4BAB-989F-C48A6C0E917D}.Debug|Any CPU.Build.0 = Debug|Any CPU
		{75907D63-BD99-4BAB-989F-C48A6C0E917D}.Release|Any CPU.ActiveCfg = Release|Any CPU
		{75907D63-BD99-4BAB-989F-C48A6C0E917D}.Release|Any CPU.Build.0 = Release|Any CPU
	EndGlobalSection
	GlobalSection(SolutionProperties) = preSolution
		HideSolutionNode = FALSE
	EndGlobalSection
EndGlobal
